
Microsoft Visual Studio Solution File, Format Version 12.00
# Visual Studio Version 17
VisualStudioVersion = 17.7.34031.279
MinimumVisualStudioVersion = 10.0.40219.1
Project("{FAE04EC0-301F-11D3-BF4B-00C04F79EFBC}") = "HelloWorld", "HelloWorld.csproj", "{83A9FCA4-AFF2-4628-8CA3-4074FD55C91A}"
EndProject
Global
	GlobalSection(SolutionConfigurationPlatforms) = preSolution
		Debug|Any CPU = Debug|Any CPU
		Release|Any CPU = Release|Any CPU
	EndGlobalSection
	GlobalSection(ProjectConfigurationPlatforms) = postSolution
		{83A9FCA4-AFF2-4628-8CA3-4074FD55C91A}.Debug|Any CPU.ActiveCfg = Debug|Any CPU
		{83A9FCA4-AFF2-4628-8CA3-4074FD55C91A}.Debug|Any CPU.Build.0 = Debug|Any CPU
		{83A9FCA4-AFF2-4628-8CA3-4074FD55C91A}.Release|Any CPU.ActiveCfg = Release|Any CPU
		{83A9FCA4-AFF2-4628-8CA3-4074FD55C91A}.Release|Any CPU.Build.0 = Release|Any CPU
	EndGlobalSection
	GlobalSection(SolutionProperties) = preSolution
		HideSolutionNode = FALSE
	EndGlobalSection
	GlobalSection(ExtensibilityGlobals) = postSolution
		SolutionGuid = {F238D919-591D-40FB-B096-3E02FFAF3E05}
	EndGlobalSection
EndGlobal
