
Microsoft Visual Studio Solution File, Format Version 12.00
# Visual Studio Version 17
VisualStudioVersion = 17.7.34031.279
MinimumVisualStudioVersion = 10.0.40219.1
Project("{FAE04EC0-301F-11D3-BF4B-00C04F79EFBC}") = "Practica3Sumar2Num", "Practica3Sumar2Num.csproj", "{275E9AD5-DA35-4BFD-98A9-F0D5982355BC}"
EndProject
Global
	GlobalSection(SolutionConfigurationPlatforms) = preSolution
		Debug|Any CPU = Debug|Any CPU
		Release|Any CPU = Release|Any CPU
	EndGlobalSection
	GlobalSection(ProjectConfigurationPlatforms) = postSolution
		{275E9AD5-DA35-4BFD-98A9-F0D5982355BC}.Debug|Any CPU.ActiveCfg = Debug|Any CPU
		{275E9AD5-DA35-4BFD-98A9-F0D5982355BC}.Debug|Any CPU.Build.0 = Debug|Any CPU
		{275E9AD5-DA35-4BFD-98A9-F0D5982355BC}.Release|Any CPU.ActiveCfg = Release|Any CPU
		{275E9AD5-DA35-4BFD-98A9-F0D5982355BC}.Release|Any CPU.Build.0 = Release|Any CPU
	EndGlobalSection
	GlobalSection(SolutionProperties) = preSolution
		HideSolutionNode = FALSE
	EndGlobalSection
	GlobalSection(ExtensibilityGlobals) = postSolution
		SolutionGuid = {A4755BD0-CDA4-4DC0-8824-4FFC54B2E91D}
	EndGlobalSection
EndGlobal
